
Microsoft Visual Studio Solution File, Format Version 12.00
# Visual Studio Version 17
VisualStudioVersion = 17.10.35122.118
MinimumVisualStudioVersion = 10.0.40219.1
Project("{FAE04EC0-301F-11D3-BF4B-00C04F79EFBC}") = "DoAnBMCSDL", "OracleConnect\DoAnBMCSDL.csproj", "{8D75D4E2-EE73-42E6-8F3A-8AC1683B9E3C}"
EndProject
Global
	GlobalSection(SolutionConfigurationPlatforms) = preSolution
		Debug|Any CPU = Debug|Any CPU
		Release|Any CPU = Release|Any CPU
	EndGlobalSection
	GlobalSection(ProjectConfigurationPlatforms) = postSolution
		{8D75D4E2-EE73-42E6-8F3A-8AC1683B9E3C}.Debug|Any CPU.ActiveCfg = Debug|Any CPU
		{8D75D4E2-EE73-42E6-8F3A-8AC1683B9E3C}.Debug|Any CPU.Build.0 = Debug|Any CPU
		{8D75D4E2-EE73-42E6-8F3A-8AC1683B9E3C}.Release|Any CPU.ActiveCfg = Release|Any CPU
		{8D75D4E2-EE73-42E6-8F3A-8AC1683B9E3C}.Release|Any CPU.Build.0 = Release|Any CPU
	EndGlobalSection
	GlobalSection(SolutionProperties) = preSolution
		HideSolutionNode = FALSE
	EndGlobalSection
	GlobalSection(ExtensibilityGlobals) = postSolution
		SolutionGuid = {FE73E3A8-FE88-473F-A839-F8781C3838B4}
	EndGlobalSection
EndGlobal
